
Microsoft Visual Studio Solution File, Format Version 12.00
# Visual Studio Version 17
VisualStudioVersion = 17.8.34525.116
MinimumVisualStudioVersion = 10.0.40219.1
Project("{9A19103F-16F7-4668-BE54-9A1E7A4F7556}") = "TasteMuseum", "TasteMuseum\TasteMuseum.csproj", "{81C1DEA1-A1F5-4F8B-ABD9-50001F8A4C14}"
EndProject
Project("{9A19103F-16F7-4668-BE54-9A1E7A4F7556}") = "TasteMuseum.Entity", "TasteMuseum.Entity\TasteMuseum.Entity.csproj", "{4E746A7C-6023-4B9D-97C8-29BA57C6E9C3}"
EndProject
Project("{9A19103F-16F7-4668-BE54-9A1E7A4F7556}") = "TasteMuseum.DataAccess", "TasteMuseum.DataAccess\TasteMuseum.DataAccess.csproj", "{F36D937C-BB62-418B-9335-969A1E9ABDEB}"
EndProject
Project("{9A19103F-16F7-4668-BE54-9A1E7A4F7556}") = "TasteMuseum.Business", "TasteMuseum.Business\TasteMuseum.Business.csproj", "{5E57DCE0-77FA-4674-9F2F-233358ECA0A6}"
EndProject
Project("{9A19103F-16F7-4668-BE54-9A1E7A4F7556}") = "TasteMuseum.Core", "TasteMuseum.Core\TasteMuseum.Core.csproj", "{AFEF0D2E-D3BD-41CA-9EA1-36B17B41AFA4}"
EndProject
Global
	GlobalSection(SolutionConfigurationPlatforms) = preSolution
		Debug|Any CPU = Debug|Any CPU
		Release|Any CPU = Release|Any CPU
	EndGlobalSection
	GlobalSection(ProjectConfigurationPlatforms) = postSolution
		{81C1DEA1-A1F5-4F8B-ABD9-50001F8A4C14}.Debug|Any CPU.ActiveCfg = Debug|Any CPU
		{81C1DEA1-A1F5-4F8B-ABD9-50001F8A4C14}.Debug|Any CPU.Build.0 = Debug|Any CPU
		{81C1DEA1-A1F5-4F8B-ABD9-50001F8A4C14}.Release|Any CPU.ActiveCfg = Release|Any CPU
		{81C1DEA1-A1F5-4F8B-ABD9-50001F8A4C14}.Release|Any CPU.Build.0 = Release|Any CPU
		{4E746A7C-6023-4B9D-97C8-29BA57C6E9C3}.Debug|Any CPU.ActiveCfg = Debug|Any CPU
		{4E746A7C-6023-4B9D-97C8-29BA57C6E9C3}.Debug|Any CPU.Build.0 = Debug|Any CPU
		{4E746A7C-6023-4B9D-97C8-29BA57C6E9C3}.Release|Any CPU.ActiveCfg = Release|Any CPU
		{4E746A7C-6023-4B9D-97C8-29BA57C6E9C3}.Release|Any CPU.Build.0 = Release|Any CPU
		{F36D937C-BB62-418B-9335-969A1E9ABDEB}.Debug|Any CPU.ActiveCfg = Debug|Any CPU
		{F36D937C-BB62-418B-9335-969A1E9ABDEB}.Debug|Any CPU.Build.0 = Debug|Any CPU
		{F36D937C-BB62-418B-9335-969A1E9ABDEB}.Release|Any CPU.ActiveCfg = Release|Any CPU
		{F36D937C-BB62-418B-9335-969A1E9ABDEB}.Release|Any CPU.Build.0 = Release|Any CPU
		{5E57DCE0-77FA-4674-9F2F-233358ECA0A6}.Debug|Any CPU.ActiveCfg = Debug|Any CPU
		{5E57DCE0-77FA-4674-9F2F-233358ECA0A6}.Debug|Any CPU.Build.0 = Debug|Any CPU
		{5E57DCE0-77FA-4674-9F2F-233358ECA0A6}.Release|Any CPU.ActiveCfg = Release|Any CPU
		{5E57DCE0-77FA-4674-9F2F-233358ECA0A6}.Release|Any CPU.Build.0 = Release|Any CPU
		{AFEF0D2E-D3BD-41CA-9EA1-36B17B41AFA4}.Debug|Any CPU.ActiveCfg = Debug|Any CPU
		{AFEF0D2E-D3BD-41CA-9EA1-36B17B41AFA4}.Debug|Any CPU.Build.0 = Debug|Any CPU
		{AFEF0D2E-D3BD-41CA-9EA1-36B17B41AFA4}.Release|Any CPU.ActiveCfg = Release|Any CPU
		{AFEF0D2E-D3BD-41CA-9EA1-36B17B41AFA4}.Release|Any CPU.Build.0 = Release|Any CPU
	EndGlobalSection
	GlobalSection(SolutionProperties) = preSolution
		HideSolutionNode = FALSE
	EndGlobalSection
	GlobalSection(ExtensibilityGlobals) = postSolution
		SolutionGuid = {0F906536-C442-4876-93C3-7BDEE2BD5F57}
	EndGlobalSection
EndGlobal
